// !$*UTF8*$!
{
	archiveVersion = 1;
	classes = {
	};
	objectVersion = 48;
	objects = {

/* Begin PBXBuildFile section */
		466F76391F0454FC009A56F9 /* AppDelegate.swift in Sources */ = {isa = PBXBuildFile; fileRef = 466F76381F0454FC009A56F9 /* AppDelegate.swift */; };
		466F763B1F0454FC009A56F9 /* ViewController.swift in Sources */ = {isa = PBXBuildFile; fileRef = 466F763A1F0454FC009A56F9 /* ViewController.swift */; };
		466F763E1F0454FC009A56F9 /* Main.storyboard in Resources */ = {isa = PBXBuildFile; fileRef = 466F763C1F0454FC009A56F9 /* Main.storyboard */; };
		466F76401F0454FC009A56F9 /* Assets.xcassets in Resources */ = {isa = PBXBuildFile; fileRef = 466F763F1F0454FC009A56F9 /* Assets.xcassets */; };
		466F76431F0454FC009A56F9 /* LaunchScreen.storyboard in Resources */ = {isa = PBXBuildFile; fileRef = 466F76411F0454FC009A56F9 /* LaunchScreen.storyboard */; };
/* End PBXBuildFile section */

/* Begin PBXFileReference section */
		466F76351F0454FC009A56F9 /* SimpleCounter.app */ = {isa = PBXFileReference; explicitFileType = wrapper.application; includeInIndex = 0; path = SimpleCounter.app; sourceTree = BUILT_PRODUCTS_DIR; };
		466F76381F0454FC009A56F9 /* AppDelegate.swift */ = {isa = PBXFileReference; lastKnownFileType = sourcecode.swift; path = AppDelegate.swift; sourceTree = "<group>"; };
		466F763A1F0454FC009A56F9 /* ViewController.swift */ = {isa = PBXFileReference; lastKnownFileType = sourcecode.swift; path = ViewController.swift; sourceTree = "<group>"; };
		466F763D1F0454FC009A56F9 /* Base */ = {isa = PBXFileReference; lastKnownFileType = file.storyboard; name = Base; path = Base.lproj/Main.storyboard; sourceTree = "<group>"; };
		466F763F1F0454FC009A56F9 /* Assets.xcassets */ = {isa = PBXFileReference; lastKnownFileType = folder.assetcatalog; path = Assets.xcassets; sourceTree = "<group>"; };
		466F76421F0454FC009A56F9 /* Base */ = {isa = PBXFileReference; lastKnownFileType = file.storyboard; name = Base; path = Base.lproj/LaunchScreen.storyboard; sourceTree = "<group>"; };
		466F76441F0454FC009A56F9 /* Info.plist */ = {isa = PBXFileReference; lastKnownFileType = text.plist.xml; path = Info.plist; sourceTree = "<group>"; };
/* End PBXFileReference section */

/* Begin PBXFrameworksBuildPhase section */
		466F76321F0454FC009A56F9 /* Frameworks */ = {
			isa = PBXFrameworksBuildPhase;
			buildActionMask = 2147483647;
			files = (
			);
			runOnlyForDeploymentPostprocessing = 0;
		};
/* End PBXFrameworksBuildPhase section */

/* Begin PBXGroup section */
		466F762C1F0454FC009A56F9 = {
			isa = PBXGroup;
			children = (
				466F76371F0454FC009A56F9 /* SimpleCounter */,
				466F76361F0454FC009A56F9 /* Products */,
			);
			sourceTree = "<group>";
		};
		466F76361F0454FC009A56F9 /* Products */ = {
			isa = PBXGroup;
			children = (
				466F76351F0454FC009A56F9 /* SimpleCounter.app */,
			);
			name = Products;
			sourceTree = "<group>";
		};
		466F76371F0454FC009A56F9 /* SimpleCounter */ = {
			isa = PBXGroup;
			children = (
				466F76381F0454FC009A56F9 /* AppDelegate.swift */,
				466F763A1F0454FC009A56F9 /* ViewController.swift */,
				466F763C1F0454FC009A56F9 /* Main.storyboard */,
				466F763F1F0454FC009A56F9 /* Assets.xcassets */,
				466F76411F0454FC009A56F9 /* LaunchScreen.storyboard */,
				466F76441F0454FC009A56F9 /* Info.plist */,
			);
			path = SimpleCounter;
			sourceTree = "<group>";
		};
/* End PBXGroup section */

/* Begin PBXNativeTarget section */
		466F76341F0454FC009A56F9 /* SimpleCounter */ = {
			isa = PBXNativeTarget;
			buildConfigurationList = 466F76471F0454FC009A56F9 /* Build configuration list for PBXNativeTarget "SimpleCounter" */;
			buildPhases = (
				466F76311F0454FC009A56F9 /* Sources */,
				466F76321F0454FC009A56F9 /* Frameworks */,
				466F76331F0454FC009A56F9 /* Resources */,
			);
			buildRules = (
			);
			dependencies = (
			);
			name = SimpleCounter;
			productName = SimpleCounter;
			productReference = 466F76351F0454FC009A56F9 /* SimpleCounter.app */;
			productType = "com.apple.product-type.application";
		};
/* End PBXNativeTarget section */

/* Begin PBXProject section */
		466F762D1F0454FC009A56F9 /* Project object */ = {
			isa = PBXProject;
			attributes = {
				LastSwiftUpdateCheck = 0900;
				LastUpgradeCheck = 0900;
				ORGANIZATIONNAME = "Blake Merryman";
				TargetAttributes = {
					466F76341F0454FC009A56F9 = {
						CreatedOnToolsVersion = 9.0;
					};
				};
			};
			buildConfigurationList = 466F76301F0454FC009A56F9 /* Build configuration list for PBXProject "SimpleCounter" */;
			compatibilityVersion = "Xcode 8.0";
			developmentRegion = en;
			hasScannedForEncodings = 0;
			knownRegions = (
				en,
				Base,
			);
			mainGroup = 466F762C1F0454FC009A56F9;
			productRefGroup = 466F76361F0454FC009A56F9 /* Products */;
			projectDirPath = "";
			projectRoot = "";
			targets = (
				466F76341F0454FC009A56F9 /* SimpleCounter */,
			);
		};
/* End PBXProject section */

/* Begin PBXResourcesBuildPhase section */
		466F76331F0454FC009A56F9 /* Resources */ = {
			isa = PBXResourcesBuildPhase;
			buildActionMask = 2147483647;
			files = (
				466F76431F0454FC009A56F9 /* LaunchScreen.storyboard in Resources */,
				466F76401F0454FC009A56F9 /* Assets.xcassets in Resources */,
				466F763E1F0454FC009A56F9 /* Main.storyboard in Resources */,
			);
			runOnlyForDeploymentPostprocessing = 0;
		};
/* End PBXResourcesBuildPhase section */

/* Begin PBXSourcesBuildPhase section */
		466F76311F0454FC009A56F9 /* Sources */ = {
			isa = PBXSourcesBuildPhase;
			buildActionMask = 2147483647;
			files = (
				466F763B1F0454FC009A56F9 /* ViewController.swift in Sources */,
				466F76391F0454FC009A56F9 /* AppDelegate.swift in Sources */,
			);
			runOnlyForDeploymentPostprocessing = 0;
		};
/* End PBXSourcesBuildPhase section */

/* Begin PBXVariantGroup section */
		466F763C1F0454FC009A56F9 /* Main.storyboard */ = {
			isa = PBXVariantGroup;
			children = (
				466F763D1F0454FC009A56F9 /* Base */,
			);
			name = Main.storyboard;
			sourceTree = "<group>";
		};
		466F76411F0454FC009A56F9 /* LaunchScreen.storyboard */ = {
			isa = PBXVariantGroup;
			children = (
				466F76421F0454FC009A56F9 /* Base */,
			);
			name = LaunchScreen.storyboard;
			sourceTree = "<group>";
		};
/* End PBXVariantGroup section */

/* Begin XCBuildConfiguration section */
		466F76451F0454FC009A56F9 /* Debug */ = {
			isa = XCBuildConfiguration;
			buildSettings = {
				ALWAYS_SEARCH_USER_PATHS = NO;
				CLANG_ANALYZER_NONNULL = YES;
				CLANG_ANALYZER_NUMBER_OBJECT_CONVERSION = YES_AGGRESSIVE;
				CLANG_CXX_LANGUAGE_STANDARD = "gnu++14";
				CLANG_CXX_LIBRARY = "libc++";
				CLANG_ENABLE_MODULES = YES;
				CLANG_ENABLE_OBJC_ARC = YES;
				CLANG_WARN_BLOCK_CAPTURE_AUTORELEASING = YES;
				CLANG_WARN_BOOL_CONVERSION = YES;
				CLANG_WARN_COMMA = YES;
				CLANG_WARN_CONSTANT_CONVERSION = YES;
				CLANG_WARN_DIRECT_OBJC_ISA_USAGE = YES_ERROR;
				CLANG_WARN_DOCUMENTATION_COMMENTS = YES;
				CLANG_WARN_EMPTY_BODY = YES;
				CLANG_WARN_ENUM_CONVERSION = YES;
				CLANG_WARN_INFINITE_RECURSION = YES;
				CLANG_WARN_INT_CONVERSION = YES;
				CLANG_WARN_OBJC_ROOT_CLASS = YES_ERROR;
				CLANG_WARN_RANGE_LOOP_ANALYSIS = YES;
				CLANG_WARN_STRICT_PROTOTYPES = YES;
				CLANG_WARN_SUSPICIOUS_MOVE = YES;
				CLANG_WARN_UNGUARDED_AVAILABILITY = YES_AGGRESSIVE;
				CLANG_WARN_UNREACHABLE_CODE = YES;
				CLANG_WARN__DUPLICATE_METHOD_MATCH = YES;
				CODE_SIGN_IDENTITY = "iPhone Developer";
				COPY_PHASE_STRIP = NO;
				DEBUG_INFORMATION_FORMAT = dwarf;
				ENABLE_STRICT_OBJC_MSGSEND = YES;
				ENABLE_TESTABILITY = YES;
				GCC_C_LANGUAGE_STANDARD = gnu11;
				GCC_DYNAMIC_NO_PIC = NO;
				GCC_NO_COMMON_BLOCKS = YES;
				GCC_OPTIMIZATION_LEVEL = 0;
				GCC_PREPROCESSOR_DEFINITIONS = (
					"DEBUG=1",
					"$(inherited)",
				);
				GCC_WARN_64_TO_32_BIT_CONVERSION = YES;
				GCC_WARN_ABOUT_RETURN_TYPE = YES_ERROR;
				GCC_WARN_UNDECLARED_SELECTOR = YES;
				GCC_WARN_UNINITIALIZED_AUTOS = YES_AGGRESSIVE;
				GCC_WARN_UNUSED_FUNCTION = YES;
				GCC_WARN_UNUSED_VARIABLE = YES;
				IPHONEOS_DEPLOYMENT_TARGET = 11.0;
				MTL_ENABLE_DEBUG_INFO = YES;
				ONLY_ACTIVE_ARCH = YES;
				SDKROOT = iphoneos;
				SWIFT_ACTIVE_COMPILATION_CONDITIONS = DEBUG;
				SWIFT_OPTIMIZATION_LEVEL = "-Onone";
			};
			name = Debug;
		};
		466F76461F0454FC009A56F9 /* Release */ = {
			isa = XCBuildConfiguration;
			buildSettings = {
				ALWAYS_SEARCH_USER_PATHS = NO;
				CLANG_ANALYZER_NONNULL = YES;
				CLANG_ANALYZER_NUMBER_OBJECT_CONVERSION = YES_AGGRESSIVE;
				CLANG_CXX_LANGUAGE_STANDARD = "gnu++14";
				CLANG_CXX_LIBRARY = "libc++";
				CLANG_ENABLE_MODULES = YES;
				CLANG_ENABLE_OBJC_ARC = YES;
				CLANG_WARN_BLOCK_CAPTURE_AUTORELEASING = YES;
				CLANG_WARN_BOOL_CONVERSION = YES;
				CLANG_WARN_COMMA = YES;
				CLANG_WARN_CONSTANT_CONVERSION = YES;
				CLANG_WARN_DIRECT_OBJC_ISA_USAGE = YES_ERROR;
				CLANG_WARN_DOCUMENTATION_COMMENTS = YES;
				CLANG_WARN_EMPTY_BODY = YES;
				CLANG_WARN_ENUM_CONVERSION = YES;
				CLANG_WARN_INFINITE_RECURSION = YES;
				CLANG_WARN_INT_CONVERSION = YES;
				CLANG_WARN_OBJC_ROOT_CLASS = YES_ERROR;
				CLANG_WARN_RANGE_LOOP_ANALYSIS = YES;
				CLANG_WARN_STRICT_PROTOTYPES = YES;
				CLANG_WARN_SUSPICIOUS_MOVE = YES;
				CLANG_WARN_UNGUARDED_AVAILABILITY = YES_AGGRESSIVE;
				CLANG_WARN_UNREACHABLE_CODE = YES;
				CLANG_WARN__DUPLICATE_METHOD_MATCH = YES;
				CODE_SIGN_IDENTITY = "iPhone Developer";
				COPY_PHASE_STRIP = NO;
				DEBUG_INFORMATION_FORMAT = "dwarf-with-dsym";
				ENABLE_NS_ASSERTIONS = NO;
				ENABLE_STRICT_OBJC_MSGSEND = YES;
				GCC_C_LANGUAGE_STANDARD = gnu11;
				GCC_NO_COMMON_BLOCKS = YES;
				GCC_WARN_64_TO_32_BIT_CONVERSION = YES;
				GCC_WARN_ABOUT_RETURN_TYPE = YES_ERROR;
				GCC_WARN_UNDECLARED_SELECTOR = YES;
				GCC_WARN_UNINITIALIZED_AUTOS = YES_AGGRESSIVE;
				GCC_WARN_UNUSED_FUNCTION = YES;
				GCC_WARN_UNUSED_VARIABLE = YES;
				IPHONEOS_DEPLOYMENT_TARGET = 11.0;
				MTL_ENABLE_DEBUG_INFO = NO;
				SDKROOT = iphoneos;
				SWIFT_OPTIMIZATION_LEVEL = "-Owholemodule";
				VALIDATE_PRODUCT = YES;
			};
			name = Release;
		};
		466F76481F0454FC009A56F9 /* Debug */ = {
			isa = XCBuildConfiguration;
			buildSettings = {
				ASSETCATALOG_COMPILER_APPICON_NAME = AppIcon;
				DEVELOPMENT_TEAM = X2GDHXTJ3U;
				INFOPLIST_FILE = SimpleCounter/Info.plist;
				LD_RUNPATH_SEARCH_PATHS = "$(inherited) @executable_path/Frameworks";
				PRODUCT_BUNDLE_IDENTIFIER = com.blakemerryman.SimpleCounter;
				PRODUCT_NAME = "$(TARGET_NAME)";
				SWIFT_VERSION = 4.0;
				TARGETED_DEVICE_FAMILY = "1,2";
			};
			name = Debug;
		};
		466F76491F0454FC009A56F9 /* Release */ = {
			isa = XCBuildConfiguration;
			buildSettings = {
				ASSETCATALOG_COMPILER_APPICON_NAME = AppIcon;
				DEVELOPMENT_TEAM = X2GDHXTJ3U;
				INFOPLIST_FILE = SimpleCounter/Info.plist;
				LD_RUNPATH_SEARCH_PATHS = "$(inherited) @executable_path/Frameworks";
				PRODUCT_BUNDLE_IDENTIFIER = com.blakemerryman.SimpleCounter;
				PRODUCT_NAME = "$(TARGET_NAME)";
				SWIFT_VERSION = 4.0;
				TARGETED_DEVICE_FAMILY = "1,2";
			};
			name = Release;
		};
/* End XCBuildConfiguration section */

/* Begin XCConfigurationList section */
		466F76301F0454FC009A56F9 /* Build configuration list for PBXProject "SimpleCounter" */ = {
			isa = XCConfigurationList;
			buildConfigurations = (
				466F76451F0454FC009A56F9 /* Debug */,
				466F76461F0454FC009A56F9 /* Release */,
			);
			defaultConfigurationIsVisible = 0;
			defaultConfigurationName = Release;
		};
		466F76471F0454FC009A56F9 /* Build configuration list for PBXNativeTarget "SimpleCounter" */ = {
			isa = XCConfigurationList;
			buildConfigurations = (
				466F76481F0454FC009A56F9 /* Debug */,
				466F76491F0454FC009A56F9 /* Release */,
			);
			defaultConfigurationIsVisible = 0;
		};
/* End XCConfigurationList section */
	};
	rootObject = 466F762D1F0454FC009A56F9 /* Project object */;
}
